// !$*UTF8*$!
{
	archiveVersion = 1;
	classes = {
	};
	objectVersion = 46;
	objects = {

/* Begin PBXBuildFile section */
		1E854F7123A489A8003835BE /* AppDelegate.m in Sources */ = {isa = PBXBuildFile; fileRef = 1E854F7023A489A8003835BE /* AppDelegate.m */; };
		1E854F7423A489A8003835BE /* main.m in Sources */ = {isa = PBXBuildFile; fileRef = 1E854F7323A489A8003835BE /* main.m */; };
		1E854F7623A489A8003835BE /* Assets.xcassets in Resources */ = {isa = PBXBuildFile; fileRef = 1E854F7523A489A8003835BE /* Assets.xcassets */; };
		1E854F7923A489A8003835BE /* MainMenu.xib in Resources */ = {isa = PBXBuildFile; fileRef = 1E854F7723A489A8003835BE /* MainMenu.xib */; };
		38859CB823A5E30B00AA2D45 /* Settings.xib in Resources */ = {isa = PBXBuildFile; fileRef = 38859CB723A5E30B00AA2D45 /* Settings.xib */; };
		38F2863823A6C44A0052BFBB /* SettingsController.m in Sources */ = {isa = PBXBuildFile; fileRef = 38F2863723A6C44A0052BFBB /* SettingsController.m */; };
		38F2863B23A6D9BB0052BFBB /* MainMenuController.m in Sources */ = {isa = PBXBuildFile; fileRef = 38F2863A23A6D9BB0052BFBB /* MainMenuController.m */; };
/* End PBXBuildFile section */

/* Begin PBXFileReference section */
		1E854F6C23A489A8003835BE /* 64Cocoa.app */ = {isa = PBXFileReference; explicitFileType = wrapper.application; includeInIndex = 0; path = 64Cocoa.app; sourceTree = BUILT_PRODUCTS_DIR; };
		1E854F6F23A489A8003835BE /* AppDelegate.h */ = {isa = PBXFileReference; lastKnownFileType = sourcecode.c.h; path = AppDelegate.h; sourceTree = "<group>"; };
		1E854F7023A489A8003835BE /* AppDelegate.m */ = {isa = PBXFileReference; lastKnownFileType = sourcecode.c.objc; path = AppDelegate.m; sourceTree = "<group>"; };
		1E854F7323A489A8003835BE /* main.m */ = {isa = PBXFileReference; lastKnownFileType = sourcecode.c.objc; path = main.m; sourceTree = "<group>"; };
		1E854F7523A489A8003835BE /* Assets.xcassets */ = {isa = PBXFileReference; lastKnownFileType = folder.assetcatalog; path = Assets.xcassets; sourceTree = "<group>"; };
		1E854F7823A489A8003835BE /* Base */ = {isa = PBXFileReference; lastKnownFileType = file.xib; name = Base; path = Base.lproj/MainMenu.xib; sourceTree = "<group>"; };
		1E854F7A23A489A8003835BE /* Info.plist */ = {isa = PBXFileReference; lastKnownFileType = text.plist.xml; path = Info.plist; sourceTree = "<group>"; };
		38859CB723A5E30B00AA2D45 /* Settings.xib */ = {isa = PBXFileReference; lastKnownFileType = file.xib; path = Settings.xib; sourceTree = "<group>"; };
		38F2863623A6C44A0052BFBB /* SettingsController.h */ = {isa = PBXFileReference; lastKnownFileType = sourcecode.c.h; path = SettingsController.h; sourceTree = "<group>"; };
		38F2863723A6C44A0052BFBB /* SettingsController.m */ = {isa = PBXFileReference; lastKnownFileType = sourcecode.c.objc; path = SettingsController.m; sourceTree = "<group>"; };
		38F2863923A6D9BB0052BFBB /* MainMenuController.h */ = {isa = PBXFileReference; lastKnownFileType = sourcecode.c.h; path = MainMenuController.h; sourceTree = "<group>"; };
		38F2863A23A6D9BB0052BFBB /* MainMenuController.m */ = {isa = PBXFileReference; lastKnownFileType = sourcecode.c.objc; path = MainMenuController.m; sourceTree = "<group>"; };
/* End PBXFileReference section */

/* Begin PBXFrameworksBuildPhase section */
		1E854F6923A489A8003835BE /* Frameworks */ = {
			isa = PBXFrameworksBuildPhase;
			buildActionMask = 2147483647;
			files = (
			);
			runOnlyForDeploymentPostprocessing = 0;
		};
/* End PBXFrameworksBuildPhase section */

/* Begin PBXGroup section */
		1E854F6323A489A8003835BE = {
			isa = PBXGroup;
			children = (
				1E854F6E23A489A8003835BE /* 64Cocoa */,
				1E854F6D23A489A8003835BE /* Products */,
			);
			sourceTree = "<group>";
		};
		1E854F6D23A489A8003835BE /* Products */ = {
			isa = PBXGroup;
			children = (
				1E854F6C23A489A8003835BE /* 64Cocoa.app */,
			);
			name = Products;
			sourceTree = "<group>";
		};
		1E854F6E23A489A8003835BE /* 64Cocoa */ = {
			isa = PBXGroup;
			children = (
				38F2863D23A6EC770052BFBB /* Views */,
				38F2863C23A6EC680052BFBB /* Models */,
				38F2863223A6B9BA0052BFBB /* Controllers */,
				1E854F6F23A489A8003835BE /* AppDelegate.h */,
				1E854F7023A489A8003835BE /* AppDelegate.m */,
				1E854F7523A489A8003835BE /* Assets.xcassets */,
				1E854F7A23A489A8003835BE /* Info.plist */,
				1E854F7223A489A8003835BE /* Supporting Files */,
			);
			path = 64Cocoa;
			sourceTree = "<group>";
		};
		1E854F7223A489A8003835BE /* Supporting Files */ = {
			isa = PBXGroup;
			children = (
				1E854F7323A489A8003835BE /* main.m */,
			);
			name = "Supporting Files";
			sourceTree = "<group>";
		};
		38F2863223A6B9BA0052BFBB /* Controllers */ = {
			isa = PBXGroup;
			children = (
				38F2863623A6C44A0052BFBB /* SettingsController.h */,
				38F2863723A6C44A0052BFBB /* SettingsController.m */,
				38F2863923A6D9BB0052BFBB /* MainMenuController.h */,
				38F2863A23A6D9BB0052BFBB /* MainMenuController.m */,
			);
			name = Controllers;
			path = 64Cocoa/Controllers;
			sourceTree = SOURCE_ROOT;
		};
		38F2863C23A6EC680052BFBB /* Models */ = {
			isa = PBXGroup;
			children = (
			);
			name = Models;
			sourceTree = "<group>";
		};
		38F2863D23A6EC770052BFBB /* Views */ = {
			isa = PBXGroup;
			children = (
				1E854F7723A489A8003835BE /* MainMenu.xib */,
				38859CB723A5E30B00AA2D45 /* Settings.xib */,
			);
			path = Views;
			sourceTree = "<group>";
		};
/* End PBXGroup section */

/* Begin PBXNativeTarget section */
		1E854F6B23A489A8003835BE /* 64Cocoa */ = {
			isa = PBXNativeTarget;
			buildConfigurationList = 1E854F7D23A489A8003835BE /* Build configuration list for PBXNativeTarget "64Cocoa" */;
			buildPhases = (
				1E854F6823A489A8003835BE /* Sources */,
				1E854F6923A489A8003835BE /* Frameworks */,
				1E854F6A23A489A8003835BE /* Resources */,
			);
			buildRules = (
			);
			dependencies = (
			);
			name = 64Cocoa;
			productName = 64Cocoa;
			productReference = 1E854F6C23A489A8003835BE /* 64Cocoa.app */;
			productType = "com.apple.product-type.application";
		};
/* End PBXNativeTarget section */

/* Begin PBXProject section */
		1E854F6423A489A8003835BE /* Project object */ = {
			isa = PBXProject;
			attributes = {
				LastUpgradeCheck = 1000;
				ORGANIZATIONNAME = AlvaroRosaARG;
				TargetAttributes = {
					1E854F6B23A489A8003835BE = {
						CreatedOnToolsVersion = 7.3.1;
					};
				};
			};
			buildConfigurationList = 1E854F6723A489A8003835BE /* Build configuration list for PBXProject "64Cocoa" */;
			compatibilityVersion = "Xcode 3.2";
			developmentRegion = English;
			hasScannedForEncodings = 0;
			knownRegions = (
				en,
				Base,
			);
			mainGroup = 1E854F6323A489A8003835BE;
			productRefGroup = 1E854F6D23A489A8003835BE /* Products */;
			projectDirPath = "";
			projectRoot = "";
			targets = (
				1E854F6B23A489A8003835BE /* 64Cocoa */,
			);
		};
/* End PBXProject section */

/* Begin PBXResourcesBuildPhase section */
		1E854F6A23A489A8003835BE /* Resources */ = {
			isa = PBXResourcesBuildPhase;
			buildActionMask = 2147483647;
			files = (
				38859CB823A5E30B00AA2D45 /* Settings.xib in Resources */,
				1E854F7623A489A8003835BE /* Assets.xcassets in Resources */,
				1E854F7923A489A8003835BE /* MainMenu.xib in Resources */,
			);
			runOnlyForDeploymentPostprocessing = 0;
		};
/* End PBXResourcesBuildPhase section */

/* Begin PBXSourcesBuildPhase section */
		1E854F6823A489A8003835BE /* Sources */ = {
			isa = PBXSourcesBuildPhase;
			buildActionMask = 2147483647;
			files = (
				38F2863823A6C44A0052BFBB /* SettingsController.m in Sources */,
				38F2863B23A6D9BB0052BFBB /* MainMenuController.m in Sources */,
				1E854F7423A489A8003835BE /* main.m in Sources */,
				1E854F7123A489A8003835BE /* AppDelegate.m in Sources */,
			);
			runOnlyForDeploymentPostprocessing = 0;
		};
/* End PBXSourcesBuildPhase section */

/* Begin PBXVariantGroup section */
		1E854F7723A489A8003835BE /* MainMenu.xib */ = {
			isa = PBXVariantGroup;
			children = (
				1E854F7823A489A8003835BE /* Base */,
			);
			name = MainMenu.xib;
			sourceTree = "<group>";
		};
/* End PBXVariantGroup section */

/* Begin XCBuildConfiguration section */
		1E854F7B23A489A8003835BE /* Debug */ = {
			isa = XCBuildConfiguration;
			buildSettings = {
				ALWAYS_SEARCH_USER_PATHS = NO;
				CLANG_ANALYZER_NONNULL = YES;
				CLANG_CXX_LANGUAGE_STANDARD = "gnu++0x";
				CLANG_CXX_LIBRARY = "libc++";
				CLANG_ENABLE_MODULES = YES;
				CLANG_ENABLE_OBJC_ARC = YES;
				CLANG_WARN_BLOCK_CAPTURE_AUTORELEASING = YES;
				CLANG_WARN_BOOL_CONVERSION = YES;
				CLANG_WARN_COMMA = YES;
				CLANG_WARN_CONSTANT_CONVERSION = YES;
				CLANG_WARN_DEPRECATED_OBJC_IMPLEMENTATIONS = YES;
				CLANG_WARN_DIRECT_OBJC_ISA_USAGE = YES_ERROR;
				CLANG_WARN_EMPTY_BODY = YES;
				CLANG_WARN_ENUM_CONVERSION = YES;
				CLANG_WARN_INFINITE_RECURSION = YES;
				CLANG_WARN_INT_CONVERSION = YES;
				CLANG_WARN_NON_LITERAL_NULL_CONVERSION = YES;
				CLANG_WARN_OBJC_IMPLICIT_RETAIN_SELF = YES;
				CLANG_WARN_OBJC_LITERAL_CONVERSION = YES;
				CLANG_WARN_OBJC_ROOT_CLASS = YES_ERROR;
				CLANG_WARN_RANGE_LOOP_ANALYSIS = YES;
				CLANG_WARN_STRICT_PROTOTYPES = YES;
				CLANG_WARN_SUSPICIOUS_MOVE = YES;
				CLANG_WARN_UNREACHABLE_CODE = YES;
				CLANG_WARN__DUPLICATE_METHOD_MATCH = YES;
				CODE_SIGN_IDENTITY = "-";
				COPY_PHASE_STRIP = NO;
				DEBUG_INFORMATION_FORMAT = dwarf;
				ENABLE_STRICT_OBJC_MSGSEND = YES;
				ENABLE_TESTABILITY = YES;
				GCC_C_LANGUAGE_STANDARD = gnu99;
				GCC_DYNAMIC_NO_PIC = NO;
				GCC_NO_COMMON_BLOCKS = YES;
				GCC_OPTIMIZATION_LEVEL = 0;
				GCC_PREPROCESSOR_DEFINITIONS = (
					"DEBUG=1",
					"$(inherited)",
				);
				GCC_WARN_64_TO_32_BIT_CONVERSION = YES;
				GCC_WARN_ABOUT_RETURN_TYPE = YES_ERROR;
				GCC_WARN_UNDECLARED_SELECTOR = YES;
				GCC_WARN_UNINITIALIZED_AUTOS = YES_AGGRESSIVE;
				GCC_WARN_UNUSED_FUNCTION = YES;
				GCC_WARN_UNUSED_VARIABLE = YES;
				MACOSX_DEPLOYMENT_TARGET = 10.12;
				MTL_ENABLE_DEBUG_INFO = YES;
				ONLY_ACTIVE_ARCH = YES;
				SDKROOT = macosx;
			};
			name = Debug;
		};
		1E854F7C23A489A8003835BE /* Release */ = {
			isa = XCBuildConfiguration;
			buildSettings = {
				ALWAYS_SEARCH_USER_PATHS = NO;
				CLANG_ANALYZER_NONNULL = YES;
				CLANG_CXX_LANGUAGE_STANDARD = "gnu++0x";
				CLANG_CXX_LIBRARY = "libc++";
				CLANG_ENABLE_MODULES = YES;
				CLANG_ENABLE_OBJC_ARC = YES;
				CLANG_WARN_BLOCK_CAPTURE_AUTORELEASING = YES;
				CLANG_WARN_BOOL_CONVERSION = YES;
				CLANG_WARN_COMMA = YES;
				CLANG_WARN_CONSTANT_CONVERSION = YES;
				CLANG_WARN_DEPRECATED_OBJC_IMPLEMENTATIONS = YES;
				CLANG_WARN_DIRECT_OBJC_ISA_USAGE = YES_ERROR;
				CLANG_WARN_EMPTY_BODY = YES;
				CLANG_WARN_ENUM_CONVERSION = YES;
				CLANG_WARN_INFINITE_RECURSION = YES;
				CLANG_WARN_INT_CONVERSION = YES;
				CLANG_WARN_NON_LITERAL_NULL_CONVERSION = YES;
				CLANG_WARN_OBJC_IMPLICIT_RETAIN_SELF = YES;
				CLANG_WARN_OBJC_LITERAL_CONVERSION = YES;
				CLANG_WARN_OBJC_ROOT_CLASS = YES_ERROR;
				CLANG_WARN_RANGE_LOOP_ANALYSIS = YES;
				CLANG_WARN_STRICT_PROTOTYPES = YES;
				CLANG_WARN_SUSPICIOUS_MOVE = YES;
				CLANG_WARN_UNREACHABLE_CODE = YES;
				CLANG_WARN__DUPLICATE_METHOD_MATCH = YES;
				CODE_SIGN_IDENTITY = "-";
				COPY_PHASE_STRIP = NO;
				DEBUG_INFORMATION_FORMAT = "dwarf-with-dsym";
				ENABLE_NS_ASSERTIONS = NO;
				ENABLE_STRICT_OBJC_MSGSEND = YES;
				GCC_C_LANGUAGE_STANDARD = gnu99;
				GCC_NO_COMMON_BLOCKS = YES;
				GCC_WARN_64_TO_32_BIT_CONVERSION = YES;
				GCC_WARN_ABOUT_RETURN_TYPE = YES_ERROR;
				GCC_WARN_UNDECLARED_SELECTOR = YES;
				GCC_WARN_UNINITIALIZED_AUTOS = YES_AGGRESSIVE;
				GCC_WARN_UNUSED_FUNCTION = YES;
				GCC_WARN_UNUSED_VARIABLE = YES;
				MACOSX_DEPLOYMENT_TARGET = 10.12;
				MTL_ENABLE_DEBUG_INFO = NO;
				SDKROOT = macosx;
			};
			name = Release;
		};
		1E854F7E23A489A8003835BE /* Debug */ = {
			isa = XCBuildConfiguration;
			buildSettings = {
				ASSETCATALOG_COMPILER_APPICON_NAME = AppIcon;
				COMBINE_HIDPI_IMAGES = YES;
				INFOPLIST_FILE = 64Cocoa/Info.plist;
				LD_RUNPATH_SEARCH_PATHS = "$(inherited) @executable_path/../Frameworks";
				PRODUCT_BUNDLE_IDENTIFIER = "alARG.-4Cocoa";
				PRODUCT_NAME = "$(TARGET_NAME)";
			};
			name = Debug;
		};
		1E854F7F23A489A8003835BE /* Release */ = {
			isa = XCBuildConfiguration;
			buildSettings = {
				ASSETCATALOG_COMPILER_APPICON_NAME = AppIcon;
				COMBINE_HIDPI_IMAGES = YES;
				INFOPLIST_FILE = 64Cocoa/Info.plist;
				LD_RUNPATH_SEARCH_PATHS = "$(inherited) @executable_path/../Frameworks";
				PRODUCT_BUNDLE_IDENTIFIER = "alARG.-4Cocoa";
				PRODUCT_NAME = "$(TARGET_NAME)";
			};
			name = Release;
		};
/* End XCBuildConfiguration section */

/* Begin XCConfigurationList section */
		1E854F6723A489A8003835BE /* Build configuration list for PBXProject "64Cocoa" */ = {
			isa = XCConfigurationList;
			buildConfigurations = (
				1E854F7B23A489A8003835BE /* Debug */,
				1E854F7C23A489A8003835BE /* Release */,
			);
			defaultConfigurationIsVisible = 0;
			defaultConfigurationName = Release;
		};
		1E854F7D23A489A8003835BE /* Build configuration list for PBXNativeTarget "64Cocoa" */ = {
			isa = XCConfigurationList;
			buildConfigurations = (
				1E854F7E23A489A8003835BE /* Debug */,
				1E854F7F23A489A8003835BE /* Release */,
			);
			defaultConfigurationIsVisible = 0;
			defaultConfigurationName = Release;
		};
/* End XCConfigurationList section */
	};
	rootObject = 1E854F6423A489A8003835BE /* Project object */;
}
